
Microsoft Visual Studio Solution File, Format Version 12.00
# Visual Studio Version 16
VisualStudioVersion = 16.0.29519.87
MinimumVisualStudioVersion = 10.0.40219.1
Project("{FAE04EC0-301F-11D3-BF4B-00C04F79EFBC}") = "Newtest", "Newtest.csproj", "{5ADD0A29-A7C9-4FBE-98E3-042DE4B2E6ED}"
EndProject
Global
	GlobalSection(SolutionConfigurationPlatforms) = preSolution
		Debug|Any CPU = Debug|Any CPU
		Release|Any CPU = Release|Any CPU
	EndGlobalSection
	GlobalSection(ProjectConfigurationPlatforms) = postSolution
		{5ADD0A29-A7C9-4FBE-98E3-042DE4B2E6ED}.Debug|Any CPU.ActiveCfg = Debug|Any CPU
		{5ADD0A29-A7C9-4FBE-98E3-042DE4B2E6ED}.Debug|Any CPU.Build.0 = Debug|Any CPU
		{5ADD0A29-A7C9-4FBE-98E3-042DE4B2E6ED}.Release|Any CPU.ActiveCfg = Release|Any CPU
		{5ADD0A29-A7C9-4FBE-98E3-042DE4B2E6ED}.Release|Any CPU.Build.0 = Release|Any CPU
	EndGlobalSection
	GlobalSection(SolutionProperties) = preSolution
		HideSolutionNode = FALSE
	EndGlobalSection
	GlobalSection(ExtensibilityGlobals) = postSolution
		SolutionGuid = {9F2E93EC-0040-4F28-9F07-89448E4D836F}
	EndGlobalSection
EndGlobal
